
Microsoft Visual Studio Solution File, Format Version 12.00
# Visual Studio 15
VisualStudioVersion = 15.0.28307.271
MinimumVisualStudioVersion = 10.0.40219.1
Project("{FAE04EC0-301F-11D3-BF4B-00C04F79EFBC}") = "BOTOMAT", "BOTOMAT\BOTOMAT.csproj", "{D9FD4A56-843F-49E0-909F-D56041860083}"
EndProject
Global
	GlobalSection(SolutionConfigurationPlatforms) = preSolution
		Debug|Any CPU = Debug|Any CPU
		Release|Any CPU = Release|Any CPU
	EndGlobalSection
	GlobalSection(ProjectConfigurationPlatforms) = postSolution
		{D9FD4A56-843F-49E0-909F-D56041860083}.Debug|Any CPU.ActiveCfg = Debug|Any CPU
		{D9FD4A56-843F-49E0-909F-D56041860083}.Debug|Any CPU.Build.0 = Debug|Any CPU
		{D9FD4A56-843F-49E0-909F-D56041860083}.Release|Any CPU.ActiveCfg = Release|Any CPU
		{D9FD4A56-843F-49E0-909F-D56041860083}.Release|Any CPU.Build.0 = Release|Any CPU
	EndGlobalSection
	GlobalSection(SolutionProperties) = preSolution
		HideSolutionNode = FALSE
	EndGlobalSection
	GlobalSection(ExtensibilityGlobals) = postSolution
		SolutionGuid = {EB233712-16B0-4F47-9AFF-256D37BE1014}
	EndGlobalSection
EndGlobal
